
Microsoft Visual Studio Solution File, Format Version 12.00
# Visual Studio 15
VisualStudioVersion = 15.0.28307.489
MinimumVisualStudioVersion = 10.0.40219.1
Project("{FAE04EC0-301F-11D3-BF4B-00C04F79EFBC}") = "WPF loggin", "WPF loggin\WPF loggin.csproj", "{0F007146-98F8-49FB-A637-7537F28AA9D7}"
EndProject
Project("{FAE04EC0-301F-11D3-BF4B-00C04F79EFBC}") = "DAL", "DAL\DAL.csproj", "{B167CA31-D246-4916-9853-6C9EBA54955F}"
EndProject
Project("{00D1A9C2-B5F0-4AF3-8072-F6C62B433612}") = "DB", "DB\DB.sqlproj", "{ADD88E53-C3A2-4617-B2A2-CD8656E82F2D}"
EndProject
Global
	GlobalSection(SolutionConfigurationPlatforms) = preSolution
		Debug|Any CPU = Debug|Any CPU
		Release|Any CPU = Release|Any CPU
	EndGlobalSection
	GlobalSection(ProjectConfigurationPlatforms) = postSolution
		{0F007146-98F8-49FB-A637-7537F28AA9D7}.Debug|Any CPU.ActiveCfg = Debug|Any CPU
		{0F007146-98F8-49FB-A637-7537F28AA9D7}.Debug|Any CPU.Build.0 = Debug|Any CPU
		{0F007146-98F8-49FB-A637-7537F28AA9D7}.Release|Any CPU.ActiveCfg = Release|Any CPU
		{0F007146-98F8-49FB-A637-7537F28AA9D7}.Release|Any CPU.Build.0 = Release|Any CPU
		{B167CA31-D246-4916-9853-6C9EBA54955F}.Debug|Any CPU.ActiveCfg = Debug|Any CPU
		{B167CA31-D246-4916-9853-6C9EBA54955F}.Debug|Any CPU.Build.0 = Debug|Any CPU
		{B167CA31-D246-4916-9853-6C9EBA54955F}.Release|Any CPU.ActiveCfg = Release|Any CPU
		{B167CA31-D246-4916-9853-6C9EBA54955F}.Release|Any CPU.Build.0 = Release|Any CPU
		{ADD88E53-C3A2-4617-B2A2-CD8656E82F2D}.Debug|Any CPU.ActiveCfg = Debug|Any CPU
		{ADD88E53-C3A2-4617-B2A2-CD8656E82F2D}.Debug|Any CPU.Build.0 = Debug|Any CPU
		{ADD88E53-C3A2-4617-B2A2-CD8656E82F2D}.Debug|Any CPU.Deploy.0 = Debug|Any CPU
		{ADD88E53-C3A2-4617-B2A2-CD8656E82F2D}.Release|Any CPU.ActiveCfg = Release|Any CPU
		{ADD88E53-C3A2-4617-B2A2-CD8656E82F2D}.Release|Any CPU.Build.0 = Release|Any CPU
		{ADD88E53-C3A2-4617-B2A2-CD8656E82F2D}.Release|Any CPU.Deploy.0 = Release|Any CPU
	EndGlobalSection
	GlobalSection(SolutionProperties) = preSolution
		HideSolutionNode = FALSE
	EndGlobalSection
	GlobalSection(ExtensibilityGlobals) = postSolution
		SolutionGuid = {EAF7BAD2-13E6-4B16-92B4-3DC87A445545}
	EndGlobalSection
EndGlobal
